// !$*UTF8*$!
{
	archiveVersion = 1;
	classes = {
	};
	objectVersion = 55;
	objects = {

/* Begin PBXBuildFile section */
		9AAF4915290BD3CA003B4A50 /* AppDelegate.swift in Sources */ = {isa = PBXBuildFile; fileRef = 9AAF4914290BD3CA003B4A50 /* AppDelegate.swift */; };
		9AAF4917290BD3CA003B4A50 /* SceneDelegate.swift in Sources */ = {isa = PBXBuildFile; fileRef = 9AAF4916290BD3CA003B4A50 /* SceneDelegate.swift */; };
		9AAF4919290BD3CA003B4A50 /* ViewController.swift in Sources */ = {isa = PBXBuildFile; fileRef = 9AAF4918290BD3CA003B4A50 /* ViewController.swift */; };
		9AAF491C290BD3CA003B4A50 /* Main.storyboard in Resources */ = {isa = PBXBuildFile; fileRef = 9AAF491A290BD3CA003B4A50 /* Main.storyboard */; };
		9AAF491E290BD3CC003B4A50 /* Assets.xcassets in Resources */ = {isa = PBXBuildFile; fileRef = 9AAF491D290BD3CC003B4A50 /* Assets.xcassets */; };
		9AAF4921290BD3CC003B4A50 /* LaunchScreen.storyboard in Resources */ = {isa = PBXBuildFile; fileRef = 9AAF491F290BD3CC003B4A50 /* LaunchScreen.storyboard */; };
		9AAF4929290BF38E003B4A50 /* SecondViewController.swift in Sources */ = {isa = PBXBuildFile; fileRef = 9AAF4928290BF38E003B4A50 /* SecondViewController.swift */; };
		9AAF492E290D1A12003B4A50 /* BMICalculatorManager.swift in Sources */ = {isa = PBXBuildFile; fileRef = 9AAF492D290D1A12003B4A50 /* BMICalculatorManager.swift */; };
		9AAF4930290D2064003B4A50 /* BMI.swift in Sources */ = {isa = PBXBuildFile; fileRef = 9AAF492F290D2064003B4A50 /* BMI.swift */; };
/* End PBXBuildFile section */

/* Begin PBXFileReference section */
		9AAF4911290BD3CA003B4A50 /* [iOS] BMI.app */ = {isa = PBXFileReference; explicitFileType = wrapper.application; includeInIndex = 0; path = "[iOS] BMI.app"; sourceTree = BUILT_PRODUCTS_DIR; };
		9AAF4914290BD3CA003B4A50 /* AppDelegate.swift */ = {isa = PBXFileReference; lastKnownFileType = sourcecode.swift; path = AppDelegate.swift; sourceTree = "<group>"; };
		9AAF4916290BD3CA003B4A50 /* SceneDelegate.swift */ = {isa = PBXFileReference; lastKnownFileType = sourcecode.swift; path = SceneDelegate.swift; sourceTree = "<group>"; };
		9AAF4918290BD3CA003B4A50 /* ViewController.swift */ = {isa = PBXFileReference; lastKnownFileType = sourcecode.swift; path = ViewController.swift; sourceTree = "<group>"; };
		9AAF491B290BD3CA003B4A50 /* Base */ = {isa = PBXFileReference; lastKnownFileType = file.storyboard; name = Base; path = Base.lproj/Main.storyboard; sourceTree = "<group>"; };
		9AAF491D290BD3CC003B4A50 /* Assets.xcassets */ = {isa = PBXFileReference; lastKnownFileType = folder.assetcatalog; path = Assets.xcassets; sourceTree = "<group>"; };
		9AAF4920290BD3CC003B4A50 /* Base */ = {isa = PBXFileReference; lastKnownFileType = file.storyboard; name = Base; path = Base.lproj/LaunchScreen.storyboard; sourceTree = "<group>"; };
		9AAF4922290BD3CC003B4A50 /* Info.plist */ = {isa = PBXFileReference; lastKnownFileType = text.plist.xml; path = Info.plist; sourceTree = "<group>"; };
		9AAF4928290BF38E003B4A50 /* SecondViewController.swift */ = {isa = PBXFileReference; lastKnownFileType = sourcecode.swift; path = SecondViewController.swift; sourceTree = "<group>"; };
		9AAF492D290D1A12003B4A50 /* BMICalculatorManager.swift */ = {isa = PBXFileReference; lastKnownFileType = sourcecode.swift; path = BMICalculatorManager.swift; sourceTree = "<group>"; };
		9AAF492F290D2064003B4A50 /* BMI.swift */ = {isa = PBXFileReference; lastKnownFileType = sourcecode.swift; path = BMI.swift; sourceTree = "<group>"; };
/* End PBXFileReference section */

/* Begin PBXFrameworksBuildPhase section */
		9AAF490E290BD3CA003B4A50 /* Frameworks */ = {
			isa = PBXFrameworksBuildPhase;
			buildActionMask = 2147483647;
			files = (
			);
			runOnlyForDeploymentPostprocessing = 0;
		};
/* End PBXFrameworksBuildPhase section */

/* Begin PBXGroup section */
		9AAF4908290BD3CA003B4A50 = {
			isa = PBXGroup;
			children = (
				9AAF4913290BD3CA003B4A50 /* [iOS] BMI */,
				9AAF4912290BD3CA003B4A50 /* Products */,
			);
			sourceTree = "<group>";
		};
		9AAF4912290BD3CA003B4A50 /* Products */ = {
			isa = PBXGroup;
			children = (
				9AAF4911290BD3CA003B4A50 /* [iOS] BMI.app */,
			);
			name = Products;
			sourceTree = "<group>";
		};
		9AAF4913290BD3CA003B4A50 /* [iOS] BMI */ = {
			isa = PBXGroup;
			children = (
				9AAF4914290BD3CA003B4A50 /* AppDelegate.swift */,
				9AAF4916290BD3CA003B4A50 /* SceneDelegate.swift */,
				9AAF492A290D195F003B4A50 /* Models */,
				9AAF492B290D1965003B4A50 /* Views */,
				9AAF492C290D1968003B4A50 /* Controllers */,
				9AAF491D290BD3CC003B4A50 /* Assets.xcassets */,
				9AAF491F290BD3CC003B4A50 /* LaunchScreen.storyboard */,
				9AAF4922290BD3CC003B4A50 /* Info.plist */,
			);
			path = "[iOS] BMI";
			sourceTree = "<group>";
		};
		9AAF492A290D195F003B4A50 /* Models */ = {
			isa = PBXGroup;
			children = (
				9AAF492F290D2064003B4A50 /* BMI.swift */,
				9AAF492D290D1A12003B4A50 /* BMICalculatorManager.swift */,
			);
			path = Models;
			sourceTree = "<group>";
		};
		9AAF492B290D1965003B4A50 /* Views */ = {
			isa = PBXGroup;
			children = (
				9AAF491A290BD3CA003B4A50 /* Main.storyboard */,
			);
			path = Views;
			sourceTree = "<group>";
		};
		9AAF492C290D1968003B4A50 /* Controllers */ = {
			isa = PBXGroup;
			children = (
				9AAF4918290BD3CA003B4A50 /* ViewController.swift */,
				9AAF4928290BF38E003B4A50 /* SecondViewController.swift */,
			);
			path = Controllers;
			sourceTree = "<group>";
		};
/* End PBXGroup section */

/* Begin PBXNativeTarget section */
		9AAF4910290BD3CA003B4A50 /* [iOS] BMI */ = {
			isa = PBXNativeTarget;
			buildConfigurationList = 9AAF4925290BD3CC003B4A50 /* Build configuration list for PBXNativeTarget "[iOS] BMI" */;
			buildPhases = (
				9AAF490D290BD3CA003B4A50 /* Sources */,
				9AAF490E290BD3CA003B4A50 /* Frameworks */,
				9AAF490F290BD3CA003B4A50 /* Resources */,
			);
			buildRules = (
			);
			dependencies = (
			);
			name = "[iOS] BMI";
			productName = "[iOS] BMI";
			productReference = 9AAF4911290BD3CA003B4A50 /* [iOS] BMI.app */;
			productType = "com.apple.product-type.application";
		};
/* End PBXNativeTarget section */

/* Begin PBXProject section */
		9AAF4909290BD3CA003B4A50 /* Project object */ = {
			isa = PBXProject;
			attributes = {
				BuildIndependentTargetsInParallel = 1;
				LastSwiftUpdateCheck = 1340;
				LastUpgradeCheck = 1340;
				TargetAttributes = {
					9AAF4910290BD3CA003B4A50 = {
						CreatedOnToolsVersion = 13.4;
					};
				};
			};
			buildConfigurationList = 9AAF490C290BD3CA003B4A50 /* Build configuration list for PBXProject "[iOS] BMI" */;
			compatibilityVersion = "Xcode 13.0";
			developmentRegion = en;
			hasScannedForEncodings = 0;
			knownRegions = (
				en,
				Base,
			);
			mainGroup = 9AAF4908290BD3CA003B4A50;
			productRefGroup = 9AAF4912290BD3CA003B4A50 /* Products */;
			projectDirPath = "";
			projectRoot = "";
			targets = (
				9AAF4910290BD3CA003B4A50 /* [iOS] BMI */,
			);
		};
/* End PBXProject section */

/* Begin PBXResourcesBuildPhase section */
		9AAF490F290BD3CA003B4A50 /* Resources */ = {
			isa = PBXResourcesBuildPhase;
			buildActionMask = 2147483647;
			files = (
				9AAF4921290BD3CC003B4A50 /* LaunchScreen.storyboard in Resources */,
				9AAF491E290BD3CC003B4A50 /* Assets.xcassets in Resources */,
				9AAF491C290BD3CA003B4A50 /* Main.storyboard in Resources */,
			);
			runOnlyForDeploymentPostprocessing = 0;
		};
/* End PBXResourcesBuildPhase section */

/* Begin PBXSourcesBuildPhase section */
		9AAF490D290BD3CA003B4A50 /* Sources */ = {
			isa = PBXSourcesBuildPhase;
			buildActionMask = 2147483647;
			files = (
				9AAF4929290BF38E003B4A50 /* SecondViewController.swift in Sources */,
				9AAF4919290BD3CA003B4A50 /* ViewController.swift in Sources */,
				9AAF4915290BD3CA003B4A50 /* AppDelegate.swift in Sources */,
				9AAF492E290D1A12003B4A50 /* BMICalculatorManager.swift in Sources */,
				9AAF4930290D2064003B4A50 /* BMI.swift in Sources */,
				9AAF4917290BD3CA003B4A50 /* SceneDelegate.swift in Sources */,
			);
			runOnlyForDeploymentPostprocessing = 0;
		};
/* End PBXSourcesBuildPhase section */

/* Begin PBXVariantGroup section */
		9AAF491A290BD3CA003B4A50 /* Main.storyboard */ = {
			isa = PBXVariantGroup;
			children = (
				9AAF491B290BD3CA003B4A50 /* Base */,
			);
			name = Main.storyboard;
			sourceTree = "<group>";
		};
		9AAF491F290BD3CC003B4A50 /* LaunchScreen.storyboard */ = {
			isa = PBXVariantGroup;
			children = (
				9AAF4920290BD3CC003B4A50 /* Base */,
			);
			name = LaunchScreen.storyboard;
			sourceTree = "<group>";
		};
/* End PBXVariantGroup section */

/* Begin XCBuildConfiguration section */
		9AAF4923290BD3CC003B4A50 /* Debug */ = {
			isa = XCBuildConfiguration;
			buildSettings = {
				ALWAYS_SEARCH_USER_PATHS = NO;
				CLANG_ANALYZER_NONNULL = YES;
				CLANG_ANALYZER_NUMBER_OBJECT_CONVERSION = YES_AGGRESSIVE;
				CLANG_CXX_LANGUAGE_STANDARD = "gnu++17";
				CLANG_ENABLE_MODULES = YES;
				CLANG_ENABLE_OBJC_ARC = YES;
				CLANG_ENABLE_OBJC_WEAK = YES;
				CLANG_WARN_BLOCK_CAPTURE_AUTORELEASING = YES;
				CLANG_WARN_BOOL_CONVERSION = YES;
				CLANG_WARN_COMMA = YES;
				CLANG_WARN_CONSTANT_CONVERSION = YES;
				CLANG_WARN_DEPRECATED_OBJC_IMPLEMENTATIONS = YES;
				CLANG_WARN_DIRECT_OBJC_ISA_USAGE = YES_ERROR;
				CLANG_WARN_DOCUMENTATION_COMMENTS = YES;
				CLANG_WARN_EMPTY_BODY = YES;
				CLANG_WARN_ENUM_CONVERSION = YES;
				CLANG_WARN_INFINITE_RECURSION = YES;
				CLANG_WARN_INT_CONVERSION = YES;
				CLANG_WARN_NON_LITERAL_NULL_CONVERSION = YES;
				CLANG_WARN_OBJC_IMPLICIT_RETAIN_SELF = YES;
				CLANG_WARN_OBJC_LITERAL_CONVERSION = YES;
				CLANG_WARN_OBJC_ROOT_CLASS = YES_ERROR;
				CLANG_WARN_QUOTED_INCLUDE_IN_FRAMEWORK_HEADER = YES;
				CLANG_WARN_RANGE_LOOP_ANALYSIS = YES;
				CLANG_WARN_STRICT_PROTOTYPES = YES;
				CLANG_WARN_SUSPICIOUS_MOVE = YES;
				CLANG_WARN_UNGUARDED_AVAILABILITY = YES_AGGRESSIVE;
				CLANG_WARN_UNREACHABLE_CODE = YES;
				CLANG_WARN__DUPLICATE_METHOD_MATCH = YES;
				COPY_PHASE_STRIP = NO;
				DEBUG_INFORMATION_FORMAT = dwarf;
				ENABLE_STRICT_OBJC_MSGSEND = YES;
				ENABLE_TESTABILITY = YES;
				GCC_C_LANGUAGE_STANDARD = gnu11;
				GCC_DYNAMIC_NO_PIC = NO;
				GCC_NO_COMMON_BLOCKS = YES;
				GCC_OPTIMIZATION_LEVEL = 0;
				GCC_PREPROCESSOR_DEFINITIONS = (
					"DEBUG=1",
					"$(inherited)",
				);
				GCC_WARN_64_TO_32_BIT_CONVERSION = YES;
				GCC_WARN_ABOUT_RETURN_TYPE = YES_ERROR;
				GCC_WARN_UNDECLARED_SELECTOR = YES;
				GCC_WARN_UNINITIALIZED_AUTOS = YES_AGGRESSIVE;
				GCC_WARN_UNUSED_FUNCTION = YES;
				GCC_WARN_UNUSED_VARIABLE = YES;
				IPHONEOS_DEPLOYMENT_TARGET = 15.5;
				MTL_ENABLE_DEBUG_INFO = INCLUDE_SOURCE;
				MTL_FAST_MATH = YES;
				ONLY_ACTIVE_ARCH = YES;
				SDKROOT = iphoneos;
				SWIFT_ACTIVE_COMPILATION_CONDITIONS = DEBUG;
				SWIFT_OPTIMIZATION_LEVEL = "-Onone";
			};
			name = Debug;
		};
		9AAF4924290BD3CC003B4A50 /* Release */ = {
			isa = XCBuildConfiguration;
			buildSettings = {
				ALWAYS_SEARCH_USER_PATHS = NO;
				CLANG_ANALYZER_NONNULL = YES;
				CLANG_ANALYZER_NUMBER_OBJECT_CONVERSION = YES_AGGRESSIVE;
				CLANG_CXX_LANGUAGE_STANDARD = "gnu++17";
				CLANG_ENABLE_MODULES = YES;
				CLANG_ENABLE_OBJC_ARC = YES;
				CLANG_ENABLE_OBJC_WEAK = YES;
				CLANG_WARN_BLOCK_CAPTURE_AUTORELEASING = YES;
				CLANG_WARN_BOOL_CONVERSION = YES;
				CLANG_WARN_COMMA = YES;
				CLANG_WARN_CONSTANT_CONVERSION = YES;
				CLANG_WARN_DEPRECATED_OBJC_IMPLEMENTATIONS = YES;
				CLANG_WARN_DIRECT_OBJC_ISA_USAGE = YES_ERROR;
				CLANG_WARN_DOCUMENTATION_COMMENTS = YES;
				CLANG_WARN_EMPTY_BODY = YES;
				CLANG_WARN_ENUM_CONVERSION = YES;
				CLANG_WARN_INFINITE_RECURSION = YES;
				CLANG_WARN_INT_CONVERSION = YES;
				CLANG_WARN_NON_LITERAL_NULL_CONVERSION = YES;
				CLANG_WARN_OBJC_IMPLICIT_RETAIN_SELF = YES;
				CLANG_WARN_OBJC_LITERAL_CONVERSION = YES;
				CLANG_WARN_OBJC_ROOT_CLASS = YES_ERROR;
				CLANG_WARN_QUOTED_INCLUDE_IN_FRAMEWORK_HEADER = YES;
				CLANG_WARN_RANGE_LOOP_ANALYSIS = YES;
				CLANG_WARN_STRICT_PROTOTYPES = YES;
				CLANG_WARN_SUSPICIOUS_MOVE = YES;
				CLANG_WARN_UNGUARDED_AVAILABILITY = YES_AGGRESSIVE;
				CLANG_WARN_UNREACHABLE_CODE = YES;
				CLANG_WARN__DUPLICATE_METHOD_MATCH = YES;
				COPY_PHASE_STRIP = NO;
				DEBUG_INFORMATION_FORMAT = "dwarf-with-dsym";
				ENABLE_NS_ASSERTIONS = NO;
				ENABLE_STRICT_OBJC_MSGSEND = YES;
				GCC_C_LANGUAGE_STANDARD = gnu11;
				GCC_NO_COMMON_BLOCKS = YES;
				GCC_WARN_64_TO_32_BIT_CONVERSION = YES;
				GCC_WARN_ABOUT_RETURN_TYPE = YES_ERROR;
				GCC_WARN_UNDECLARED_SELECTOR = YES;
				GCC_WARN_UNINITIALIZED_AUTOS = YES_AGGRESSIVE;
				GCC_WARN_UNUSED_FUNCTION = YES;
				GCC_WARN_UNUSED_VARIABLE = YES;
				IPHONEOS_DEPLOYMENT_TARGET = 15.5;
				MTL_ENABLE_DEBUG_INFO = NO;
				MTL_FAST_MATH = YES;
				SDKROOT = iphoneos;
				SWIFT_COMPILATION_MODE = wholemodule;
				SWIFT_OPTIMIZATION_LEVEL = "-O";
				VALIDATE_PRODUCT = YES;
			};
			name = Release;
		};
		9AAF4926290BD3CC003B4A50 /* Debug */ = {
			isa = XCBuildConfiguration;
			buildSettings = {
				ASSETCATALOG_COMPILER_APPICON_NAME = AppIcon;
				ASSETCATALOG_COMPILER_GLOBAL_ACCENT_COLOR_NAME = AccentColor;
				CODE_SIGN_STYLE = Automatic;
				CURRENT_PROJECT_VERSION = 1;
				GENERATE_INFOPLIST_FILE = YES;
				INFOPLIST_FILE = "[iOS] BMI/Info.plist";
				INFOPLIST_KEY_UIApplicationSupportsIndirectInputEvents = YES;
				INFOPLIST_KEY_UILaunchStoryboardName = LaunchScreen;
				INFOPLIST_KEY_UIMainStoryboardFile = Main;
				INFOPLIST_KEY_UISupportedInterfaceOrientations_iPad = "UIInterfaceOrientationPortrait UIInterfaceOrientationPortraitUpsideDown UIInterfaceOrientationLandscapeLeft UIInterfaceOrientationLandscapeRight";
				INFOPLIST_KEY_UISupportedInterfaceOrientations_iPhone = "UIInterfaceOrientationPortrait UIInterfaceOrientationLandscapeLeft UIInterfaceOrientationLandscapeRight";
				IPHONEOS_DEPLOYMENT_TARGET = 14.0;
				LD_RUNPATH_SEARCH_PATHS = (
					"$(inherited)",
					"@executable_path/Frameworks",
				);
				MARKETING_VERSION = 1.0;
				PRODUCT_BUNDLE_IDENTIFIER = "com.hyun.-iOS--BMI";
				PRODUCT_NAME = "$(TARGET_NAME)";
				SWIFT_EMIT_LOC_STRINGS = YES;
				SWIFT_VERSION = 5.0;
				TARGETED_DEVICE_FAMILY = 1;
			};
			name = Debug;
		};
		9AAF4927290BD3CC003B4A50 /* Release */ = {
			isa = XCBuildConfiguration;
			buildSettings = {
				ASSETCATALOG_COMPILER_APPICON_NAME = AppIcon;
				ASSETCATALOG_COMPILER_GLOBAL_ACCENT_COLOR_NAME = AccentColor;
				CODE_SIGN_STYLE = Automatic;
				CURRENT_PROJECT_VERSION = 1;
				GENERATE_INFOPLIST_FILE = YES;
				INFOPLIST_FILE = "[iOS] BMI/Info.plist";
				INFOPLIST_KEY_UIApplicationSupportsIndirectInputEvents = YES;
				INFOPLIST_KEY_UILaunchStoryboardName = LaunchScreen;
				INFOPLIST_KEY_UIMainStoryboardFile = Main;
				INFOPLIST_KEY_UISupportedInterfaceOrientations_iPad = "UIInterfaceOrientationPortrait UIInterfaceOrientationPortraitUpsideDown UIInterfaceOrientationLandscapeLeft UIInterfaceOrientationLandscapeRight";
				INFOPLIST_KEY_UISupportedInterfaceOrientations_iPhone = "UIInterfaceOrientationPortrait UIInterfaceOrientationLandscapeLeft UIInterfaceOrientationLandscapeRight";
				IPHONEOS_DEPLOYMENT_TARGET = 14.0;
				LD_RUNPATH_SEARCH_PATHS = (
					"$(inherited)",
					"@executable_path/Frameworks",
				);
				MARKETING_VERSION = 1.0;
				PRODUCT_BUNDLE_IDENTIFIER = "com.hyun.-iOS--BMI";
				PRODUCT_NAME = "$(TARGET_NAME)";
				SWIFT_EMIT_LOC_STRINGS = YES;
				SWIFT_VERSION = 5.0;
				TARGETED_DEVICE_FAMILY = 1;
			};
			name = Release;
		};
/* End XCBuildConfiguration section */

/* Begin XCConfigurationList section */
		9AAF490C290BD3CA003B4A50 /* Build configuration list for PBXProject "[iOS] BMI" */ = {
			isa = XCConfigurationList;
			buildConfigurations = (
				9AAF4923290BD3CC003B4A50 /* Debug */,
				9AAF4924290BD3CC003B4A50 /* Release */,
			);
			defaultConfigurationIsVisible = 0;
			defaultConfigurationName = Release;
		};
		9AAF4925290BD3CC003B4A50 /* Build configuration list for PBXNativeTarget "[iOS] BMI" */ = {
			isa = XCConfigurationList;
			buildConfigurations = (
				9AAF4926290BD3CC003B4A50 /* Debug */,
				9AAF4927290BD3CC003B4A50 /* Release */,
			);
			defaultConfigurationIsVisible = 0;
			defaultConfigurationName = Release;
		};
/* End XCConfigurationList section */
	};
	rootObject = 9AAF4909290BD3CA003B4A50 /* Project object */;
}
